
Microsoft Visual Studio Solution File, Format Version 12.00
# Visual Studio Version 17
VisualStudioVersion = 17.14.36518.9 d17.14
MinimumVisualStudioVersion = 10.0.40219.1
Project("{FAE04EC0-301F-11D3-BF4B-00C04F79EFBC}") = "2019_okt", "2019_okt\2019_okt.csproj", "{061C1BEF-CFC4-4581-9F84-1684B3736901}"
EndProject
Global
	GlobalSection(SolutionConfigurationPlatforms) = preSolution
		Debug|Any CPU = Debug|Any CPU
		Release|Any CPU = Release|Any CPU
	EndGlobalSection
	GlobalSection(ProjectConfigurationPlatforms) = postSolution
		{061C1BEF-CFC4-4581-9F84-1684B3736901}.Debug|Any CPU.ActiveCfg = Debug|Any CPU
		{061C1BEF-CFC4-4581-9F84-1684B3736901}.Debug|Any CPU.Build.0 = Debug|Any CPU
		{061C1BEF-CFC4-4581-9F84-1684B3736901}.Release|Any CPU.ActiveCfg = Release|Any CPU
		{061C1BEF-CFC4-4581-9F84-1684B3736901}.Release|Any CPU.Build.0 = Release|Any CPU
	EndGlobalSection
	GlobalSection(SolutionProperties) = preSolution
		HideSolutionNode = FALSE
	EndGlobalSection
	GlobalSection(ExtensibilityGlobals) = postSolution
		SolutionGuid = {8810A7DB-09D3-416C-ADB6-64CA1855A600}
	EndGlobalSection
EndGlobal
