
Microsoft Visual Studio Solution File, Format Version 12.00
# Visual Studio Version 17
VisualStudioVersion = 17.14.36518.9 d17.14
MinimumVisualStudioVersion = 10.0.40219.1
Project("{FAE04EC0-301F-11D3-BF4B-00C04F79EFBC}") = "2017_okt", "2017_okt\2017_okt.csproj", "{25FEF989-0DD4-4D2B-ACE9-4FBE39E22634}"
EndProject
Global
	GlobalSection(SolutionConfigurationPlatforms) = preSolution
		Debug|Any CPU = Debug|Any CPU
		Release|Any CPU = Release|Any CPU
	EndGlobalSection
	GlobalSection(ProjectConfigurationPlatforms) = postSolution
		{25FEF989-0DD4-4D2B-ACE9-4FBE39E22634}.Debug|Any CPU.ActiveCfg = Debug|Any CPU
		{25FEF989-0DD4-4D2B-ACE9-4FBE39E22634}.Debug|Any CPU.Build.0 = Debug|Any CPU
		{25FEF989-0DD4-4D2B-ACE9-4FBE39E22634}.Release|Any CPU.ActiveCfg = Release|Any CPU
		{25FEF989-0DD4-4D2B-ACE9-4FBE39E22634}.Release|Any CPU.Build.0 = Release|Any CPU
	EndGlobalSection
	GlobalSection(SolutionProperties) = preSolution
		HideSolutionNode = FALSE
	EndGlobalSection
	GlobalSection(ExtensibilityGlobals) = postSolution
		SolutionGuid = {5FD206FD-0E1D-4996-9AF3-BFC103C691AB}
	EndGlobalSection
EndGlobal
